
Microsoft Visual Studio Solution File, Format Version 12.00
# Visual Studio Version 17
VisualStudioVersion = 17.1.32421.90
MinimumVisualStudioVersion = 10.0.40219.1
Project("{FAE04EC0-301F-11D3-BF4B-00C04F79EFBC}") = "EF_DBConnect", "EF_DBConnect\EF_DBConnect.csproj", "{2F818F5E-9DB4-49C2-B5E1-C89D4DCF2309}"
EndProject
Global
	GlobalSection(SolutionConfigurationPlatforms) = preSolution
		Debug|Any CPU = Debug|Any CPU
		Release|Any CPU = Release|Any CPU
	EndGlobalSection
	GlobalSection(ProjectConfigurationPlatforms) = postSolution
		{2F818F5E-9DB4-49C2-B5E1-C89D4DCF2309}.Debug|Any CPU.ActiveCfg = Debug|Any CPU
		{2F818F5E-9DB4-49C2-B5E1-C89D4DCF2309}.Debug|Any CPU.Build.0 = Debug|Any CPU
		{2F818F5E-9DB4-49C2-B5E1-C89D4DCF2309}.Release|Any CPU.ActiveCfg = Release|Any CPU
		{2F818F5E-9DB4-49C2-B5E1-C89D4DCF2309}.Release|Any CPU.Build.0 = Release|Any CPU
	EndGlobalSection
	GlobalSection(SolutionProperties) = preSolution
		HideSolutionNode = FALSE
	EndGlobalSection
	GlobalSection(ExtensibilityGlobals) = postSolution
		SolutionGuid = {64630FD5-FBB2-40FA-AB2E-D8797B9DDBE9}
	EndGlobalSection
EndGlobal
